// !$*UTF8*$!
{
	archiveVersion = 1;
	classes = {
	};
	objectVersion = 77;
	objects = {

/* Begin PBXBuildFile section */
		036C641C1039906318B21AB1 /* WatchSecurityAlertsView.swift in Sources */ = {isa = PBXBuildFile; fileRef = 6695FF22B3FF092FF12DC35A /* WatchSecurityAlertsView.swift */; };
		04479628B5AF50BB0B8C4EA5 /* ContentView.swift in Sources */ = {isa = PBXBuildFile; fileRef = CF58F7F531BA9B5914B63CA1 /* ContentView.swift */; };
		044DDAEFDED42ACC06772BE5 /* GymIPadTests.swift in Sources */ = {isa = PBXBuildFile; fileRef = 2D3499CD4ED81FE13DF74CC7 /* GymIPadTests.swift */; };
		072F2E6BBA4C724C847AEBDC /* InstallProgressAttributes.swift in Sources */ = {isa = PBXBuildFile; fileRef = 62CE490D10F73B8244E1BDAB /* InstallProgressAttributes.swift */; };
		0B9051D212D7ABF830BFC8C6 /* Assets.xcassets in Resources */ = {isa = PBXBuildFile; fileRef = 4BCF8466537CDEBE460F85A8 /* Assets.xcassets */; };
		1C9D09A9144DD8F14716442B /* FlagshipWidgets.appex in Embed Foundation Extensions */ = {isa = PBXBuildFile; fileRef = 320466AFB364B4CE4A1DB396 /* FlagshipWidgets.appex */; settings = {ATTRIBUTES = (RemoveHeadersOnCopy, ); }; };
		25FF22502B5437B43895A9CB /* ProvisionPhaseComplication.swift in Sources */ = {isa = PBXBuildFile; fileRef = 95FE2F4580A4DFDE33146944 /* ProvisionPhaseComplication.swift */; };
		34D09AC29C29E289630C4402 /* WatchRootView.swift in Sources */ = {isa = PBXBuildFile; fileRef = 1087DEB8E4808BCCBC78D8AB /* WatchRootView.swift */; };
		37CD93243A7D74054B520FA0 /* PrivacyInfo.xcprivacy in Resources */ = {isa = PBXBuildFile; fileRef = 5E2730A9F5FEA2A10B78AFB0 /* PrivacyInfo.xcprivacy */; };
		3C9A765CFA2D09FA245A31E0 /* FlagshipCore in Frameworks */ = {isa = PBXBuildFile; productRef = 9703502B31E53B7A7B02182E /* FlagshipCore */; };
		3E1A2A9FEFB1ABE512FD060D /* FlagshipUI in Frameworks */ = {isa = PBXBuildFile; productRef = E09B09A74799A9F822F53DEC /* FlagshipUI */; };
		4139AA3CADE3E3E93DEF5F57 /* InstallProgressLiveActivityCenter.swift in Sources */ = {isa = PBXBuildFile; fileRef = D2BCEBBC9F7EBD3839DF504F /* InstallProgressLiveActivityCenter.swift */; };
		477681FB8855FCBE67AAFE77 /* WidgetBundleEntry.swift in Sources */ = {isa = PBXBuildFile; fileRef = 00FD448EA89E02E3EC94E310 /* WidgetBundleEntry.swift */; };
		4B5304800B09623388924E78 /* ProvisionTimelineWatchView.swift in Sources */ = {isa = PBXBuildFile; fileRef = E7C08C9B4454F05A0F494D78 /* ProvisionTimelineWatchView.swift */; };
		52740C43DE82D908A417150D /* FlagshipAppIntents.swift in Sources */ = {isa = PBXBuildFile; fileRef = 4050D91C1A76B12D804925FA /* FlagshipAppIntents.swift */; };
		598E6331C6653579257D65A7 /* WatchTimelinePublisher.swift in Sources */ = {isa = PBXBuildFile; fileRef = 2A78989926C4BD61EA637143 /* WatchTimelinePublisher.swift */; };
		6B1F3A5CBAD6B75C65A23FC8 /* InstallProgressAttributes.swift in Sources */ = {isa = PBXBuildFile; fileRef = 62CE490D10F73B8244E1BDAB /* InstallProgressAttributes.swift */; };
		74752A1E3E6F72248180476E /* PrivacyInfo.xcprivacy in Resources */ = {isa = PBXBuildFile; fileRef = 158DE768BE8CA676C31DE548 /* PrivacyInfo.xcprivacy */; };
		7ACDEC69F8BFED51EA2AC646 /* GymSmokeTests.swift in Sources */ = {isa = PBXBuildFile; fileRef = D6FD61316C29AFC0C85995C9 /* GymSmokeTests.swift */; };
		7BFECA1D36A2BB6408A4D8E2 /* PodStatusPublisher.swift in Sources */ = {isa = PBXBuildFile; fileRef = 5A21D2CD995D16DBBB0228F4 /* PodStatusPublisher.swift */; };
		816E9648DA4A66666DE744FA /* FlagshipWatchApp.swift in Sources */ = {isa = PBXBuildFile; fileRef = 364AF47F5435B920B6FCA2AA /* FlagshipWatchApp.swift */; };
		834D62D11BC2D886AD2C5EEB /* FlagshipWatchWidgetsBundle.swift in Sources */ = {isa = PBXBuildFile; fileRef = 53CF39E90AB3F77BFED7833A /* FlagshipWatchWidgetsBundle.swift */; };
		8C738115140ACB707212DE1C /* FlagshipWatchApp.app in Embed Watch Content */ = {isa = PBXBuildFile; fileRef = 6DABF23A55B894623149E1C8 /* FlagshipWatchApp.app */; settings = {ATTRIBUTES = (RemoveHeadersOnCopy, ); }; };
		8CDC40B8810F689102B838D2 /* GymEveryMergeTests.swift in Sources */ = {isa = PBXBuildFile; fileRef = 9320B5267D47AFDE76FD5D46 /* GymEveryMergeTests.swift */; };
		8D1ECF1BA1D4441C3439B988 /* FlagshipWatchWidgets.appex in Embed Foundation Extensions */ = {isa = PBXBuildFile; fileRef = 052606FE5632D693E043CD9D /* FlagshipWatchWidgets.appex */; settings = {ATTRIBUTES = (RemoveHeadersOnCopy, ); }; };
		96F743F46295DACB52910AA8 /* InstallProgressLiveActivity.swift in Sources */ = {isa = PBXBuildFile; fileRef = 378E57D6EA8CCCF38A83A0D3 /* InstallProgressLiveActivity.swift */; };
		A49AA68BBB3B27F04E02C2C9 /* GymTotalTests.swift in Sources */ = {isa = PBXBuildFile; fileRef = 43F4AD878708DBCD211ECF8F /* GymTotalTests.swift */; };
		A8B2431CA8862B5B89D20922 /* GymTotalDetailTests.swift in Sources */ = {isa = PBXBuildFile; fileRef = 94B12B136089A4BDE59177C0 /* GymTotalDetailTests.swift */; };
		AC4E7F4AAE2AA9C3651AD92D /* PodStatusSnapshot.swift in Sources */ = {isa = PBXBuildFile; fileRef = 1EF36CB31F2C2F33FF52D36C /* PodStatusSnapshot.swift */; };
		B717FAA14A446FBAC6DCB244 /* FlagshipApp.swift in Sources */ = {isa = PBXBuildFile; fileRef = 358AFC87FBA9DD274F112C5A /* FlagshipApp.swift */; };
		BD9630458EA132BCD16ADCA4 /* GymFeatureMirrorTests.swift in Sources */ = {isa = PBXBuildFile; fileRef = 1CCAE03802624702DE798B52 /* GymFeatureMirrorTests.swift */; };
		C4EB2B45098E076E61D61035 /* PodStatusWidget.swift in Sources */ = {isa = PBXBuildFile; fileRef = 6F5522F4368F6C5A87495ADB /* PodStatusWidget.swift */; };
		C74D00A6563CEB33082C616F /* PodStatusSnapshot.swift in Sources */ = {isa = PBXBuildFile; fileRef = 1EF36CB31F2C2F33FF52D36C /* PodStatusSnapshot.swift */; };
		D47BC2950000E60AE793216A /* PrivacyInfo.xcprivacy in Resources */ = {isa = PBXBuildFile; fileRef = 7EBCD448CF95A530F142BF43 /* PrivacyInfo.xcprivacy */; };
		D5CCF74541392B71FBFF4A81 /* WatchBridge.swift in Sources */ = {isa = PBXBuildFile; fileRef = EA35BF39206378728D34AE65 /* WatchBridge.swift */; };
		DCF5A2645EE6DAD83067434A /* WatchConnectivityClient.swift in Sources */ = {isa = PBXBuildFile; fileRef = 6A873E78CA17ECB3B23C2CA6 /* WatchConnectivityClient.swift */; };
		DF1B7A00ED1C83D3064DF197 /* Assets.xcassets in Resources */ = {isa = PBXBuildFile; fileRef = 4BCF8466537CDEBE460F85A8 /* Assets.xcassets */; };
		E511C4B07B982FB2320280C6 /* OnboardingSmokeTests.swift in Sources */ = {isa = PBXBuildFile; fileRef = 8F095FFB5E2CFA036042119C /* OnboardingSmokeTests.swift */; };
		EB76A98873BEC76F5CA15F11 /* PrivacyInfo.xcprivacy in Resources */ = {isa = PBXBuildFile; fileRef = CFA43B23D68777AA3E79F2B2 /* PrivacyInfo.xcprivacy */; };
		F8E5776F2B87DE67108074EE /* GymLiveTests.swift in Sources */ = {isa = PBXBuildFile; fileRef = 91E3BD7AFAF1A09A4E82D2FA /* GymLiveTests.swift */; };
		FC64923B7DC383ED61C87497 /* WatchSecurityAlertsPublisher.swift in Sources */ = {isa = PBXBuildFile; fileRef = 33CA1F4CA62F0ED3857DFAF0 /* WatchSecurityAlertsPublisher.swift */; };
		FF6B2586776383AA4776A217 /* FlagshipCore in Frameworks */ = {isa = PBXBuildFile; productRef = 62BE221458756CDD4E0B2EC4 /* FlagshipCore */; };
/* End PBXBuildFile section */

/* Begin PBXContainerItemProxy section */
		0A6B987E96A65D0C2E64521C /* PBXContainerItemProxy */ = {
			isa = PBXContainerItemProxy;
			containerPortal = 93FD94A2CD553E9E36DD9987 /* Project object */;
			proxyType = 1;
			remoteGlobalIDString = 2A018BB2AA740157B8047930;
			remoteInfo = FlagshipWidgets;
		};
		0CBC71D3D69A0AEFDF9C0A10 /* PBXContainerItemProxy */ = {
			isa = PBXContainerItemProxy;
			containerPortal = 93FD94A2CD553E9E36DD9987 /* Project object */;
			proxyType = 1;
			remoteGlobalIDString = 852E625851F523D0A0F60658;
			remoteInfo = FlagshipApp;
		};
		60A769C1456E388C331F28DC /* PBXContainerItemProxy */ = {
			isa = PBXContainerItemProxy;
			containerPortal = 93FD94A2CD553E9E36DD9987 /* Project object */;
			proxyType = 1;
			remoteGlobalIDString = 22700D855269D68FA12B2F7E;
			remoteInfo = FlagshipWatchWidgets;
		};
		B63891174ADF2823982F44B7 /* PBXContainerItemProxy */ = {
			isa = PBXContainerItemProxy;
			containerPortal = 93FD94A2CD553E9E36DD9987 /* Project object */;
			proxyType = 1;
			remoteGlobalIDString = 9BD4F7904286639BE4ABA578;
			remoteInfo = FlagshipWatchApp;
		};
/* End PBXContainerItemProxy section */

/* Begin PBXCopyFilesBuildPhase section */
		3873B7992F07360186618768 /* Embed Watch Content */ = {
			isa = PBXCopyFilesBuildPhase;
			buildActionMask = 2147483647;
			dstPath = "$(CONTENTS_FOLDER_PATH)/Watch";
			dstSubfolderSpec = 16;
			files = (
				8C738115140ACB707212DE1C /* FlagshipWatchApp.app in Embed Watch Content */,
			);
			name = "Embed Watch Content";
			runOnlyForDeploymentPostprocessing = 0;
		};
		5F562245A651623CB476C049 /* Embed Foundation Extensions */ = {
			isa = PBXCopyFilesBuildPhase;
			buildActionMask = 2147483647;
			dstPath = "";
			dstSubfolderSpec = 13;
			files = (
				8D1ECF1BA1D4441C3439B988 /* FlagshipWatchWidgets.appex in Embed Foundation Extensions */,
			);
			name = "Embed Foundation Extensions";
			runOnlyForDeploymentPostprocessing = 0;
		};
		6C9B775A82CB6A61248603F6 /* Embed Foundation Extensions */ = {
			isa = PBXCopyFilesBuildPhase;
			buildActionMask = 2147483647;
			dstPath = "";
			dstSubfolderSpec = 13;
			files = (
				1C9D09A9144DD8F14716442B /* FlagshipWidgets.appex in Embed Foundation Extensions */,
			);
			name = "Embed Foundation Extensions";
			runOnlyForDeploymentPostprocessing = 0;
		};
/* End PBXCopyFilesBuildPhase section */

/* Begin PBXFileReference section */
		00FD448EA89E02E3EC94E310 /* WidgetBundleEntry.swift */ = {isa = PBXFileReference; lastKnownFileType = sourcecode.swift; path = WidgetBundleEntry.swift; sourceTree = "<group>"; };
		02E103AA00FB9BA7E6BEC6AE /* shared */ = {isa = PBXFileReference; lastKnownFileType = folder; name = shared; path = ../../shared; sourceTree = SOURCE_ROOT; };
		052606FE5632D693E043CD9D /* FlagshipWatchWidgets.appex */ = {isa = PBXFileReference; explicitFileType = "wrapper.app-extension"; includeInIndex = 0; path = FlagshipWatchWidgets.appex; sourceTree = BUILT_PRODUCTS_DIR; };
		1087DEB8E4808BCCBC78D8AB /* WatchRootView.swift */ = {isa = PBXFileReference; lastKnownFileType = sourcecode.swift; path = WatchRootView.swift; sourceTree = "<group>"; };
		158DE768BE8CA676C31DE548 /* PrivacyInfo.xcprivacy */ = {isa = PBXFileReference; path = PrivacyInfo.xcprivacy; sourceTree = "<group>"; };
		1CCAE03802624702DE798B52 /* GymFeatureMirrorTests.swift */ = {isa = PBXFileReference; lastKnownFileType = sourcecode.swift; path = GymFeatureMirrorTests.swift; sourceTree = "<group>"; };
		1EF36CB31F2C2F33FF52D36C /* PodStatusSnapshot.swift */ = {isa = PBXFileReference; lastKnownFileType = sourcecode.swift; path = PodStatusSnapshot.swift; sourceTree = "<group>"; };
		2A78989926C4BD61EA637143 /* WatchTimelinePublisher.swift */ = {isa = PBXFileReference; lastKnownFileType = sourcecode.swift; path = WatchTimelinePublisher.swift; sourceTree = "<group>"; };
		2D3499CD4ED81FE13DF74CC7 /* GymIPadTests.swift */ = {isa = PBXFileReference; lastKnownFileType = sourcecode.swift; path = GymIPadTests.swift; sourceTree = "<group>"; };
		320466AFB364B4CE4A1DB396 /* FlagshipWidgets.appex */ = {isa = PBXFileReference; includeInIndex = 0; lastKnownFileType = "wrapper.app-extension"; path = FlagshipWidgets.appex; sourceTree = BUILT_PRODUCTS_DIR; };
		33CA1F4CA62F0ED3857DFAF0 /* WatchSecurityAlertsPublisher.swift */ = {isa = PBXFileReference; lastKnownFileType = sourcecode.swift; path = WatchSecurityAlertsPublisher.swift; sourceTree = "<group>"; };
		358AFC87FBA9DD274F112C5A /* FlagshipApp.swift */ = {isa = PBXFileReference; lastKnownFileType = sourcecode.swift; path = FlagshipApp.swift; sourceTree = "<group>"; };
		35A7CF9005DFBA00AB42586B /* FlagshipAppUITests.xctest */ = {isa = PBXFileReference; includeInIndex = 0; lastKnownFileType = wrapper.cfbundle; path = FlagshipAppUITests.xctest; sourceTree = BUILT_PRODUCTS_DIR; };
		364AF47F5435B920B6FCA2AA /* FlagshipWatchApp.swift */ = {isa = PBXFileReference; lastKnownFileType = sourcecode.swift; path = FlagshipWatchApp.swift; sourceTree = "<group>"; };
		378E57D6EA8CCCF38A83A0D3 /* InstallProgressLiveActivity.swift */ = {isa = PBXFileReference; lastKnownFileType = sourcecode.swift; path = InstallProgressLiveActivity.swift; sourceTree = "<group>"; };
		4050D91C1A76B12D804925FA /* FlagshipAppIntents.swift */ = {isa = PBXFileReference; lastKnownFileType = sourcecode.swift; path = FlagshipAppIntents.swift; sourceTree = "<group>"; };
		43F4AD878708DBCD211ECF8F /* GymTotalTests.swift */ = {isa = PBXFileReference; lastKnownFileType = sourcecode.swift; path = GymTotalTests.swift; sourceTree = "<group>"; };
		4BCF8466537CDEBE460F85A8 /* Assets.xcassets */ = {isa = PBXFileReference; lastKnownFileType = folder.assetcatalog; path = Assets.xcassets; sourceTree = "<group>"; };
		53CF39E90AB3F77BFED7833A /* FlagshipWatchWidgetsBundle.swift */ = {isa = PBXFileReference; lastKnownFileType = sourcecode.swift; path = FlagshipWatchWidgetsBundle.swift; sourceTree = "<group>"; };
		5A21D2CD995D16DBBB0228F4 /* PodStatusPublisher.swift */ = {isa = PBXFileReference; lastKnownFileType = sourcecode.swift; path = PodStatusPublisher.swift; sourceTree = "<group>"; };
		5E2730A9F5FEA2A10B78AFB0 /* PrivacyInfo.xcprivacy */ = {isa = PBXFileReference; path = PrivacyInfo.xcprivacy; sourceTree = "<group>"; };
		62CE490D10F73B8244E1BDAB /* InstallProgressAttributes.swift */ = {isa = PBXFileReference; lastKnownFileType = sourcecode.swift; path = InstallProgressAttributes.swift; sourceTree = "<group>"; };
		6695FF22B3FF092FF12DC35A /* WatchSecurityAlertsView.swift */ = {isa = PBXFileReference; lastKnownFileType = sourcecode.swift; path = WatchSecurityAlertsView.swift; sourceTree = "<group>"; };
		6A873E78CA17ECB3B23C2CA6 /* WatchConnectivityClient.swift */ = {isa = PBXFileReference; lastKnownFileType = sourcecode.swift; path = WatchConnectivityClient.swift; sourceTree = "<group>"; };
		6D5AE5E513DBE2B79120ABD9 /* FlagshipWatchApp.entitlements */ = {isa = PBXFileReference; lastKnownFileType = text.plist.entitlements; path = FlagshipWatchApp.entitlements; sourceTree = "<group>"; };
		6DABF23A55B894623149E1C8 /* FlagshipWatchApp.app */ = {isa = PBXFileReference; explicitFileType = wrapper.application; includeInIndex = 0; path = FlagshipWatchApp.app; sourceTree = BUILT_PRODUCTS_DIR; };
		6F5522F4368F6C5A87495ADB /* PodStatusWidget.swift */ = {isa = PBXFileReference; lastKnownFileType = sourcecode.swift; path = PodStatusWidget.swift; sourceTree = "<group>"; };
		7EBCD448CF95A530F142BF43 /* PrivacyInfo.xcprivacy */ = {isa = PBXFileReference; path = PrivacyInfo.xcprivacy; sourceTree = "<group>"; };
		8AB626C273D22599FB5455E5 /* Info.plist */ = {isa = PBXFileReference; lastKnownFileType = text.plist; path = Info.plist; sourceTree = "<group>"; };
		8CDD5005BBD09F56837E8ACA /* FlagshipWidgets.entitlements */ = {isa = PBXFileReference; lastKnownFileType = text.plist.entitlements; path = FlagshipWidgets.entitlements; sourceTree = "<group>"; };
		8F095FFB5E2CFA036042119C /* OnboardingSmokeTests.swift */ = {isa = PBXFileReference; lastKnownFileType = sourcecode.swift; path = OnboardingSmokeTests.swift; sourceTree = "<group>"; };
		91E3BD7AFAF1A09A4E82D2FA /* GymLiveTests.swift */ = {isa = PBXFileReference; lastKnownFileType = sourcecode.swift; path = GymLiveTests.swift; sourceTree = "<group>"; };
		9320B5267D47AFDE76FD5D46 /* GymEveryMergeTests.swift */ = {isa = PBXFileReference; lastKnownFileType = sourcecode.swift; path = GymEveryMergeTests.swift; sourceTree = "<group>"; };
		94B12B136089A4BDE59177C0 /* GymTotalDetailTests.swift */ = {isa = PBXFileReference; lastKnownFileType = sourcecode.swift; path = GymTotalDetailTests.swift; sourceTree = "<group>"; };
		95FE2F4580A4DFDE33146944 /* ProvisionPhaseComplication.swift */ = {isa = PBXFileReference; lastKnownFileType = sourcecode.swift; path = ProvisionPhaseComplication.swift; sourceTree = "<group>"; };
		AC644708931B6CC8A4F4273F /* Info.plist */ = {isa = PBXFileReference; lastKnownFileType = text.plist; path = Info.plist; sourceTree = "<group>"; };
		C026689338C66E2541C8B3EF /* FlagshipApp.app */ = {isa = PBXFileReference; includeInIndex = 0; lastKnownFileType = wrapper.application; path = FlagshipApp.app; sourceTree = BUILT_PRODUCTS_DIR; };
		CA43A33A5EACE6A2A88A7032 /* ios */ = {isa = PBXFileReference; lastKnownFileType = folder; name = ios; path = ..; sourceTree = SOURCE_ROOT; };
		CF58F7F531BA9B5914B63CA1 /* ContentView.swift */ = {isa = PBXFileReference; lastKnownFileType = sourcecode.swift; path = ContentView.swift; sourceTree = "<group>"; };
		CFA43B23D68777AA3E79F2B2 /* PrivacyInfo.xcprivacy */ = {isa = PBXFileReference; path = PrivacyInfo.xcprivacy; sourceTree = "<group>"; };
		D2BCEBBC9F7EBD3839DF504F /* InstallProgressLiveActivityCenter.swift */ = {isa = PBXFileReference; lastKnownFileType = sourcecode.swift; path = InstallProgressLiveActivityCenter.swift; sourceTree = "<group>"; };
		D6FD61316C29AFC0C85995C9 /* GymSmokeTests.swift */ = {isa = PBXFileReference; lastKnownFileType = sourcecode.swift; path = GymSmokeTests.swift; sourceTree = "<group>"; };
		E7C08C9B4454F05A0F494D78 /* ProvisionTimelineWatchView.swift */ = {isa = PBXFileReference; lastKnownFileType = sourcecode.swift; path = ProvisionTimelineWatchView.swift; sourceTree = "<group>"; };
		EA35BF39206378728D34AE65 /* WatchBridge.swift */ = {isa = PBXFileReference; lastKnownFileType = sourcecode.swift; path = WatchBridge.swift; sourceTree = "<group>"; };
		EB03394B07AE3AC9DDF17FDF /* FlagshipWatchWidgets.entitlements */ = {isa = PBXFileReference; lastKnownFileType = text.plist.entitlements; path = FlagshipWatchWidgets.entitlements; sourceTree = "<group>"; };
		F770CD2952CF826FD5D49B33 /* Info.plist */ = {isa = PBXFileReference; lastKnownFileType = text.plist; path = Info.plist; sourceTree = "<group>"; };
		"TEMP_2FF6D992-5B15-4DE9-873F-6B527FF8B38D" /* Info.plist */ = {isa = PBXFileReference; lastKnownFileType = text.plist; path = Info.plist; sourceTree = "<group>"; };
		"TEMP_40125134-91EA-474A-883B-FF03C23B220D" /* FlagshipApp.entitlements */ = {isa = PBXFileReference; lastKnownFileType = text.plist.entitlements; path = FlagshipApp.entitlements; sourceTree = "<group>"; };
		"TEMP_7ED81A29-7519-4364-A182-25CEB28FA24A" /* FlagshipApp.xcodeproj */ = {isa = PBXFileReference; lastKnownFileType = "wrapper.pb-project"; path = FlagshipApp.xcodeproj; sourceTree = "<group>"; };
		"TEMP_CEF34A7D-9F2B-4632-BC17-7EE6A93AD28B" /* project.yml */ = {isa = PBXFileReference; lastKnownFileType = text.yaml; path = project.yml; sourceTree = "<group>"; };
/* End PBXFileReference section */

/* Begin PBXFrameworksBuildPhase section */
		2FA51140DC2C890C0E0413D6 /* Frameworks */ = {
			isa = PBXFrameworksBuildPhase;
			buildActionMask = 2147483647;
			files = (
				FF6B2586776383AA4776A217 /* FlagshipCore in Frameworks */,
			);
			runOnlyForDeploymentPostprocessing = 0;
		};
		46288564620EA6DD17008E0B /* Frameworks */ = {
			isa = PBXFrameworksBuildPhase;
			buildActionMask = 2147483647;
			files = (
				3C9A765CFA2D09FA245A31E0 /* FlagshipCore in Frameworks */,
			);
			runOnlyForDeploymentPostprocessing = 0;
		};
		AA24B2037F8D1870508F6794 /* Frameworks */ = {
			isa = PBXFrameworksBuildPhase;
			buildActionMask = 2147483647;
			files = (
				3E1A2A9FEFB1ABE512FD060D /* FlagshipUI in Frameworks */,
			);
			runOnlyForDeploymentPostprocessing = 0;
		};
/* End PBXFrameworksBuildPhase section */

/* Begin PBXGroup section */
		1B2A4CB3BFA9C1404E8FC705 /* Sources */ = {
			isa = PBXGroup;
			children = (
				919B325873A5D2F97196E9B5 /* Intents */,
				CF58F7F531BA9B5914B63CA1 /* ContentView.swift */,
				358AFC87FBA9DD274F112C5A /* FlagshipApp.swift */,
				D2BCEBBC9F7EBD3839DF504F /* InstallProgressLiveActivityCenter.swift */,
				5A21D2CD995D16DBBB0228F4 /* PodStatusPublisher.swift */,
				EA35BF39206378728D34AE65 /* WatchBridge.swift */,
				33CA1F4CA62F0ED3857DFAF0 /* WatchSecurityAlertsPublisher.swift */,
				2A78989926C4BD61EA637143 /* WatchTimelinePublisher.swift */,
			);
			path = Sources;
			sourceTree = "<group>";
		};
		564C6947F31B33F80500C451 /* WatchWidgets */ = {
			isa = PBXGroup;
			children = (
				EB03394B07AE3AC9DDF17FDF /* FlagshipWatchWidgets.entitlements */,
				53CF39E90AB3F77BFED7833A /* FlagshipWatchWidgetsBundle.swift */,
				F770CD2952CF826FD5D49B33 /* Info.plist */,
				CFA43B23D68777AA3E79F2B2 /* PrivacyInfo.xcprivacy */,
				95FE2F4580A4DFDE33146944 /* ProvisionPhaseComplication.swift */,
			);
			path = WatchWidgets;
			sourceTree = "<group>";
		};
		5846003CBA49B0B79C07350E /* Shared */ = {
			isa = PBXGroup;
			children = (
				62CE490D10F73B8244E1BDAB /* InstallProgressAttributes.swift */,
				1EF36CB31F2C2F33FF52D36C /* PodStatusSnapshot.swift */,
			);
			path = Shared;
			sourceTree = "<group>";
		};
		5B69A221CA30982662250465 /* WidgetExtension */ = {
			isa = PBXGroup;
			children = (
				8CDD5005BBD09F56837E8ACA /* FlagshipWidgets.entitlements */,
				8AB626C273D22599FB5455E5 /* Info.plist */,
				378E57D6EA8CCCF38A83A0D3 /* InstallProgressLiveActivity.swift */,
				6F5522F4368F6C5A87495ADB /* PodStatusWidget.swift */,
				158DE768BE8CA676C31DE548 /* PrivacyInfo.xcprivacy */,
				00FD448EA89E02E3EC94E310 /* WidgetBundleEntry.swift */,
			);
			path = WidgetExtension;
			sourceTree = "<group>";
		};
		6641D839D88D261F2ACD011F /* Packages */ = {
			isa = PBXGroup;
			children = (
				CA43A33A5EACE6A2A88A7032 /* ios */,
				02E103AA00FB9BA7E6BEC6AE /* shared */,
			);
			name = Packages;
			sourceTree = "<group>";
		};
		7A32690FE07864A771E99F82 /* Resources */ = {
			isa = PBXGroup;
			children = (
				4BCF8466537CDEBE460F85A8 /* Assets.xcassets */,
				5E2730A9F5FEA2A10B78AFB0 /* PrivacyInfo.xcprivacy */,
			);
			path = Resources;
			sourceTree = "<group>";
		};
		919B325873A5D2F97196E9B5 /* Intents */ = {
			isa = PBXGroup;
			children = (
				4050D91C1A76B12D804925FA /* FlagshipAppIntents.swift */,
			);
			path = Intents;
			sourceTree = "<group>";
		};
		9B2D8042E40702FE32A73EA3 = {
			isa = PBXGroup;
			children = (
				6641D839D88D261F2ACD011F /* Packages */,
				7A32690FE07864A771E99F82 /* Resources */,
				5846003CBA49B0B79C07350E /* Shared */,
				1B2A4CB3BFA9C1404E8FC705 /* Sources */,
				F51043E76B25BB084043EA15 /* UITests */,
				AC52F51D56E503B2D597DA6D /* WatchApp */,
				564C6947F31B33F80500C451 /* WatchWidgets */,
				5B69A221CA30982662250465 /* WidgetExtension */,
				D18DA5554F47DFAA52FA22EE /* Products */,
			);
			sourceTree = "<group>";
		};
		AC52F51D56E503B2D597DA6D /* WatchApp */ = {
			isa = PBXGroup;
			children = (
				6D5AE5E513DBE2B79120ABD9 /* FlagshipWatchApp.entitlements */,
				364AF47F5435B920B6FCA2AA /* FlagshipWatchApp.swift */,
				AC644708931B6CC8A4F4273F /* Info.plist */,
				7EBCD448CF95A530F142BF43 /* PrivacyInfo.xcprivacy */,
				E7C08C9B4454F05A0F494D78 /* ProvisionTimelineWatchView.swift */,
				6A873E78CA17ECB3B23C2CA6 /* WatchConnectivityClient.swift */,
				1087DEB8E4808BCCBC78D8AB /* WatchRootView.swift */,
				6695FF22B3FF092FF12DC35A /* WatchSecurityAlertsView.swift */,
			);
			path = WatchApp;
			sourceTree = "<group>";
		};
		D18DA5554F47DFAA52FA22EE /* Products */ = {
			isa = PBXGroup;
			children = (
				C026689338C66E2541C8B3EF /* FlagshipApp.app */,
				35A7CF9005DFBA00AB42586B /* FlagshipAppUITests.xctest */,
				6DABF23A55B894623149E1C8 /* FlagshipWatchApp.app */,
				052606FE5632D693E043CD9D /* FlagshipWatchWidgets.appex */,
				320466AFB364B4CE4A1DB396 /* FlagshipWidgets.appex */,
			);
			name = Products;
			sourceTree = "<group>";
		};
		F51043E76B25BB084043EA15 /* UITests */ = {
			isa = PBXGroup;
			children = (
				9320B5267D47AFDE76FD5D46 /* GymEveryMergeTests.swift */,
				1CCAE03802624702DE798B52 /* GymFeatureMirrorTests.swift */,
				2D3499CD4ED81FE13DF74CC7 /* GymIPadTests.swift */,
				91E3BD7AFAF1A09A4E82D2FA /* GymLiveTests.swift */,
				D6FD61316C29AFC0C85995C9 /* GymSmokeTests.swift */,
				94B12B136089A4BDE59177C0 /* GymTotalDetailTests.swift */,
				43F4AD878708DBCD211ECF8F /* GymTotalTests.swift */,
				8F095FFB5E2CFA036042119C /* OnboardingSmokeTests.swift */,
			);
			path = UITests;
			sourceTree = "<group>";
		};
		"TEMP_5CD32C1D-C8E9-4523-BA5A-2659E0B081F8" /* . */ = {
			isa = PBXGroup;
			children = (
				"TEMP_CEF34A7D-9F2B-4632-BC17-7EE6A93AD28B" /* project.yml */,
				"TEMP_7ED81A29-7519-4364-A182-25CEB28FA24A" /* FlagshipApp.xcodeproj */,
				"TEMP_40125134-91EA-474A-883B-FF03C23B220D" /* FlagshipApp.entitlements */,
				"TEMP_2FF6D992-5B15-4DE9-873F-6B527FF8B38D" /* Info.plist */,
				F51043E76B25BB084043EA15 /* UITests */,
				5B69A221CA30982662250465 /* WidgetExtension */,
				564C6947F31B33F80500C451 /* WatchWidgets */,
				7A32690FE07864A771E99F82 /* Resources */,
				5846003CBA49B0B79C07350E /* Shared */,
				AC52F51D56E503B2D597DA6D /* WatchApp */,
				1B2A4CB3BFA9C1404E8FC705 /* Sources */,
			);
			name = .;
			path = .;
			sourceTree = "<group>";
		};
/* End PBXGroup section */

/* Begin PBXNativeTarget section */
		22700D855269D68FA12B2F7E /* FlagshipWatchWidgets */ = {
			isa = PBXNativeTarget;
			buildConfigurationList = 6E5003C827096C801A51E88F /* Build configuration list for PBXNativeTarget "FlagshipWatchWidgets" */;
			buildPhases = (
				0A07DEAC385ECF88055760F3 /* Sources */,
				8EEFF3322EC4E7340267E323 /* Resources */,
				46288564620EA6DD17008E0B /* Frameworks */,
			);
			buildRules = (
			);
			dependencies = (
			);
			name = FlagshipWatchWidgets;
			packageProductDependencies = (
				9703502B31E53B7A7B02182E /* FlagshipCore */,
			);
			productName = FlagshipWatchWidgets;
			productReference = 052606FE5632D693E043CD9D /* FlagshipWatchWidgets.appex */;
			productType = "com.apple.product-type.app-extension";
		};
		2A018BB2AA740157B8047930 /* FlagshipWidgets */ = {
			isa = PBXNativeTarget;
			buildConfigurationList = 67F8B8C2FD80B6F3C16DFBCD /* Build configuration list for PBXNativeTarget "FlagshipWidgets" */;
			buildPhases = (
				5F239655622A416D933AB5BC /* Sources */,
				816FBAA04E502D90C43A67A1 /* Resources */,
			);
			buildRules = (
			);
			dependencies = (
			);
			name = FlagshipWidgets;
			packageProductDependencies = (
			);
			productName = FlagshipWidgets;
			productReference = 320466AFB364B4CE4A1DB396 /* FlagshipWidgets.appex */;
			productType = "com.apple.product-type.app-extension";
		};
		852E625851F523D0A0F60658 /* FlagshipApp */ = {
			isa = PBXNativeTarget;
			buildConfigurationList = C4424254AE2E70B441E307A1 /* Build configuration list for PBXNativeTarget "FlagshipApp" */;
			buildPhases = (
				D45DB089B8FD0EC2856A40D0 /* Sources */,
				6A5B21902B8F5C31C6C976E5 /* Resources */,
				AA24B2037F8D1870508F6794 /* Frameworks */,
				6C9B775A82CB6A61248603F6 /* Embed Foundation Extensions */,
				3873B7992F07360186618768 /* Embed Watch Content */,
			);
			buildRules = (
			);
			dependencies = (
				B702B3170C9671CAC8E6F996 /* PBXTargetDependency */,
				4B00C24C5F24F9BE80206650 /* PBXTargetDependency */,
			);
			name = FlagshipApp;
			packageProductDependencies = (
				E09B09A74799A9F822F53DEC /* FlagshipUI */,
			);
			productName = FlagshipApp;
			productReference = C026689338C66E2541C8B3EF /* FlagshipApp.app */;
			productType = "com.apple.product-type.application";
		};
		9BD4F7904286639BE4ABA578 /* FlagshipWatchApp */ = {
			isa = PBXNativeTarget;
			buildConfigurationList = 819E8225FA46B210725BE0BC /* Build configuration list for PBXNativeTarget "FlagshipWatchApp" */;
			buildPhases = (
				EC69399646768B5C24017860 /* Sources */,
				6D6C4BA63020F25682E2FAE8 /* Resources */,
				2FA51140DC2C890C0E0413D6 /* Frameworks */,
				5F562245A651623CB476C049 /* Embed Foundation Extensions */,
			);
			buildRules = (
			);
			dependencies = (
				23FD3FFB3FECA508A13109C2 /* PBXTargetDependency */,
			);
			name = FlagshipWatchApp;
			packageProductDependencies = (
				62BE221458756CDD4E0B2EC4 /* FlagshipCore */,
			);
			productName = FlagshipWatchApp;
			productReference = 6DABF23A55B894623149E1C8 /* FlagshipWatchApp.app */;
			productType = "com.apple.product-type.application";
		};
		A16BAA0B8A46E60C20043C5A /* FlagshipAppUITests */ = {
			isa = PBXNativeTarget;
			buildConfigurationList = 6EBA601BB38904FC64101E99 /* Build configuration list for PBXNativeTarget "FlagshipAppUITests" */;
			buildPhases = (
				4869F7738FC894C20706A83E /* Sources */,
			);
			buildRules = (
			);
			dependencies = (
				77B27BDD88B628F157415E0F /* PBXTargetDependency */,
			);
			name = FlagshipAppUITests;
			packageProductDependencies = (
			);
			productName = FlagshipAppUITests;
			productReference = 35A7CF9005DFBA00AB42586B /* FlagshipAppUITests.xctest */;
			productType = "com.apple.product-type.bundle.ui-testing";
		};
/* End PBXNativeTarget section */

/* Begin PBXProject section */
		93FD94A2CD553E9E36DD9987 /* Project object */ = {
			isa = PBXProject;
			attributes = {
				BuildIndependentTargetsInParallel = YES;
				LastUpgradeCheck = 1430;
				TargetAttributes = {
					22700D855269D68FA12B2F7E = {
						DevelopmentTeam = 8G8RHBU9BN;
						ProvisioningStyle = Automatic;
					};
					2A018BB2AA740157B8047930 = {
						DevelopmentTeam = 8G8RHBU9BN;
						ProvisioningStyle = Automatic;
					};
					852E625851F523D0A0F60658 = {
						DevelopmentTeam = 8G8RHBU9BN;
						ProvisioningStyle = Automatic;
					};
					9BD4F7904286639BE4ABA578 = {
						DevelopmentTeam = 8G8RHBU9BN;
						ProvisioningStyle = Automatic;
					};
					A16BAA0B8A46E60C20043C5A = {
						DevelopmentTeam = 8G8RHBU9BN;
						ProvisioningStyle = Automatic;
						TestTargetID = 852E625851F523D0A0F60658;
					};
				};
			};
			buildConfigurationList = 1C2BDD0BE65356F30E4FF05F /* Build configuration list for PBXProject "FlagshipApp" */;
			developmentRegion = en;
			hasScannedForEncodings = 0;
			knownRegions = (
				Base,
				en,
			);
			mainGroup = 9B2D8042E40702FE32A73EA3;
			minimizedProjectReferenceProxies = 1;
			packageReferences = (
				1F050BDA9FFDA352E3E867CA /* XCLocalSwiftPackageReference ".." */,
				004D986F910C92547B82CDCD /* XCLocalSwiftPackageReference "../../shared" */,
			);
			preferredProjectObjectVersion = 77;
			productRefGroup = D18DA5554F47DFAA52FA22EE /* Products */;
			projectDirPath = "";
			projectRoot = "";
			targets = (
				852E625851F523D0A0F60658 /* FlagshipApp */,
				A16BAA0B8A46E60C20043C5A /* FlagshipAppUITests */,
				9BD4F7904286639BE4ABA578 /* FlagshipWatchApp */,
				22700D855269D68FA12B2F7E /* FlagshipWatchWidgets */,
				2A018BB2AA740157B8047930 /* FlagshipWidgets */,
			);
		};
/* End PBXProject section */

/* Begin PBXResourcesBuildPhase section */
		6A5B21902B8F5C31C6C976E5 /* Resources */ = {
			isa = PBXResourcesBuildPhase;
			buildActionMask = 2147483647;
			files = (
				0B9051D212D7ABF830BFC8C6 /* Assets.xcassets in Resources */,
				37CD93243A7D74054B520FA0 /* PrivacyInfo.xcprivacy in Resources */,
			);
			runOnlyForDeploymentPostprocessing = 0;
		};
		6D6C4BA63020F25682E2FAE8 /* Resources */ = {
			isa = PBXResourcesBuildPhase;
			buildActionMask = 2147483647;
			files = (
				DF1B7A00ED1C83D3064DF197 /* Assets.xcassets in Resources */,
				D47BC2950000E60AE793216A /* PrivacyInfo.xcprivacy in Resources */,
			);
			runOnlyForDeploymentPostprocessing = 0;
		};
		816FBAA04E502D90C43A67A1 /* Resources */ = {
			isa = PBXResourcesBuildPhase;
			buildActionMask = 2147483647;
			files = (
				74752A1E3E6F72248180476E /* PrivacyInfo.xcprivacy in Resources */,
			);
			runOnlyForDeploymentPostprocessing = 0;
		};
		8EEFF3322EC4E7340267E323 /* Resources */ = {
			isa = PBXResourcesBuildPhase;
			buildActionMask = 2147483647;
			files = (
				EB76A98873BEC76F5CA15F11 /* PrivacyInfo.xcprivacy in Resources */,
			);
			runOnlyForDeploymentPostprocessing = 0;
		};
/* End PBXResourcesBuildPhase section */

/* Begin PBXSourcesBuildPhase section */
		0A07DEAC385ECF88055760F3 /* Sources */ = {
			isa = PBXSourcesBuildPhase;
			buildActionMask = 2147483647;
			files = (
				834D62D11BC2D886AD2C5EEB /* FlagshipWatchWidgetsBundle.swift in Sources */,
				25FF22502B5437B43895A9CB /* ProvisionPhaseComplication.swift in Sources */,
			);
			runOnlyForDeploymentPostprocessing = 0;
		};
		4869F7738FC894C20706A83E /* Sources */ = {
			isa = PBXSourcesBuildPhase;
			buildActionMask = 2147483647;
			files = (
				8CDC40B8810F689102B838D2 /* GymEveryMergeTests.swift in Sources */,
				BD9630458EA132BCD16ADCA4 /* GymFeatureMirrorTests.swift in Sources */,
				044DDAEFDED42ACC06772BE5 /* GymIPadTests.swift in Sources */,
				F8E5776F2B87DE67108074EE /* GymLiveTests.swift in Sources */,
				7ACDEC69F8BFED51EA2AC646 /* GymSmokeTests.swift in Sources */,
				A8B2431CA8862B5B89D20922 /* GymTotalDetailTests.swift in Sources */,
				A49AA68BBB3B27F04E02C2C9 /* GymTotalTests.swift in Sources */,
				E511C4B07B982FB2320280C6 /* OnboardingSmokeTests.swift in Sources */,
			);
			runOnlyForDeploymentPostprocessing = 0;
		};
		5F239655622A416D933AB5BC /* Sources */ = {
			isa = PBXSourcesBuildPhase;
			buildActionMask = 2147483647;
			files = (
				072F2E6BBA4C724C847AEBDC /* InstallProgressAttributes.swift in Sources */,
				96F743F46295DACB52910AA8 /* InstallProgressLiveActivity.swift in Sources */,
				C74D00A6563CEB33082C616F /* PodStatusSnapshot.swift in Sources */,
				C4EB2B45098E076E61D61035 /* PodStatusWidget.swift in Sources */,
				477681FB8855FCBE67AAFE77 /* WidgetBundleEntry.swift in Sources */,
			);
			runOnlyForDeploymentPostprocessing = 0;
		};
		D45DB089B8FD0EC2856A40D0 /* Sources */ = {
			isa = PBXSourcesBuildPhase;
			buildActionMask = 2147483647;
			files = (
				04479628B5AF50BB0B8C4EA5 /* ContentView.swift in Sources */,
				B717FAA14A446FBAC6DCB244 /* FlagshipApp.swift in Sources */,
				52740C43DE82D908A417150D /* FlagshipAppIntents.swift in Sources */,
				6B1F3A5CBAD6B75C65A23FC8 /* InstallProgressAttributes.swift in Sources */,
				4139AA3CADE3E3E93DEF5F57 /* InstallProgressLiveActivityCenter.swift in Sources */,
				7BFECA1D36A2BB6408A4D8E2 /* PodStatusPublisher.swift in Sources */,
				AC4E7F4AAE2AA9C3651AD92D /* PodStatusSnapshot.swift in Sources */,
				D5CCF74541392B71FBFF4A81 /* WatchBridge.swift in Sources */,
				FC64923B7DC383ED61C87497 /* WatchSecurityAlertsPublisher.swift in Sources */,
				598E6331C6653579257D65A7 /* WatchTimelinePublisher.swift in Sources */,
			);
			runOnlyForDeploymentPostprocessing = 0;
		};
		EC69399646768B5C24017860 /* Sources */ = {
			isa = PBXSourcesBuildPhase;
			buildActionMask = 2147483647;
			files = (
				816E9648DA4A66666DE744FA /* FlagshipWatchApp.swift in Sources */,
				4B5304800B09623388924E78 /* ProvisionTimelineWatchView.swift in Sources */,
				DCF5A2645EE6DAD83067434A /* WatchConnectivityClient.swift in Sources */,
				34D09AC29C29E289630C4402 /* WatchRootView.swift in Sources */,
				036C641C1039906318B21AB1 /* WatchSecurityAlertsView.swift in Sources */,
			);
			runOnlyForDeploymentPostprocessing = 0;
		};
/* End PBXSourcesBuildPhase section */

/* Begin PBXTargetDependency section */
		23FD3FFB3FECA508A13109C2 /* PBXTargetDependency */ = {
			isa = PBXTargetDependency;
			target = 22700D855269D68FA12B2F7E /* FlagshipWatchWidgets */;
			targetProxy = 60A769C1456E388C331F28DC /* PBXContainerItemProxy */;
		};
		4B00C24C5F24F9BE80206650 /* PBXTargetDependency */ = {
			isa = PBXTargetDependency;
			target = 9BD4F7904286639BE4ABA578 /* FlagshipWatchApp */;
			targetProxy = B63891174ADF2823982F44B7 /* PBXContainerItemProxy */;
		};
		77B27BDD88B628F157415E0F /* PBXTargetDependency */ = {
			isa = PBXTargetDependency;
			target = 852E625851F523D0A0F60658 /* FlagshipApp */;
			targetProxy = 0CBC71D3D69A0AEFDF9C0A10 /* PBXContainerItemProxy */;
		};
		B702B3170C9671CAC8E6F996 /* PBXTargetDependency */ = {
			isa = PBXTargetDependency;
			target = 2A018BB2AA740157B8047930 /* FlagshipWidgets */;
			targetProxy = 0A6B987E96A65D0C2E64521C /* PBXContainerItemProxy */;
		};
/* End PBXTargetDependency section */

/* Begin XCBuildConfiguration section */
		0CA6F1D31BF51AD8E594F1AB /* Release */ = {
			isa = XCBuildConfiguration;
			buildSettings = {
				APS_ENVIRONMENT = production;
				ASSETCATALOG_COMPILER_ALTERNATE_APPICON_NAMES = "AppIcon-Legacy";
				ASSETCATALOG_COMPILER_APPICON_NAME = AppIcon;
				ASSETCATALOG_COMPILER_GLOBAL_ACCENT_COLOR_NAME = AccentColor;
				ASSETCATALOG_COMPILER_INCLUDE_ALL_APPICON_ASSETS = YES;
				CODE_SIGNING_ALLOWED = YES;
				CODE_SIGNING_REQUIRED = YES;
				CODE_SIGN_ENTITLEMENTS = FlagshipApp.entitlements;
				CODE_SIGN_IDENTITY = "iPhone Developer";
				CODE_SIGN_STYLE = Automatic;
				DEVELOPMENT_TEAM = 8G8RHBU9BN;
				ENABLE_PREVIEWS = YES;
				GENERATE_INFOPLIST_FILE = YES;
				INFOPLIST_FILE = Info.plist;
				INFOPLIST_KEY_CFBundleDisplayName = Flagship;
				INFOPLIST_KEY_ITSAppUsesNonExemptEncryption = NO;
				INFOPLIST_KEY_LSApplicationCategoryType = "public.app-category.utilities";
				INFOPLIST_KEY_NSCameraUsageDescription = "Flagship uses the camera to scan a pairing QR shown by your server.";
				INFOPLIST_KEY_NSFaceIDUsageDescription = "Flagship uses Face ID to confirm sensitive actions like approving unlock or revoking a server.";
				INFOPLIST_KEY_NSSupportsLiveActivities = YES;
				INFOPLIST_KEY_UIApplicationSceneManifest_Generation = YES;
				INFOPLIST_KEY_UILaunchScreen_Generation = YES;
				INFOPLIST_KEY_UIRequiresFullScreen = YES;
				INFOPLIST_KEY_UISupportedInterfaceOrientations_iPad = "UIInterfaceOrientationLandscapeLeft UIInterfaceOrientationLandscapeRight";
				INFOPLIST_KEY_UISupportedInterfaceOrientations_iPhone = UIInterfaceOrientationPortrait;
				IPHONEOS_DEPLOYMENT_TARGET = 17.0;
				LD_RUNPATH_SEARCH_PATHS = (
					"$(inherited)",
					"@executable_path/Frameworks",
				);
				PRODUCT_BUNDLE_IDENTIFIER = com.flagshipserver.app;
				SDKROOT = iphoneos;
				SWIFT_VERSION = 5.0;
				TARGETED_DEVICE_FAMILY = "1,2";
			};
			name = Release;
		};
		0DF60759B5230A0A4DBA31EF /* Release */ = {
			isa = XCBuildConfiguration;
			buildSettings = {
				CODE_SIGNING_ALLOWED = YES;
				CODE_SIGNING_REQUIRED = YES;
				CODE_SIGN_ENTITLEMENTS = WatchWidgets/FlagshipWatchWidgets.entitlements;
				CODE_SIGN_STYLE = Automatic;
				DEVELOPMENT_TEAM = 8G8RHBU9BN;
				INFOPLIST_FILE = WatchWidgets/Info.plist;
				LD_RUNPATH_SEARCH_PATHS = (
					"$(inherited)",
					"@executable_path/Frameworks",
					"@executable_path/../../Frameworks",
				);
				PRODUCT_BUNDLE_IDENTIFIER = com.flagshipserver.app.watchkitapp.widgets;
				SDKROOT = watchos;
				SKIP_INSTALL = YES;
				SUPPORTED_PLATFORMS = "watchsimulator watchos";
				SWIFT_VERSION = 5.0;
				TARGETED_DEVICE_FAMILY = 4;
				WATCHOS_DEPLOYMENT_TARGET = 10.0;
			};
			name = Release;
		};
		2569B03C76DA086B1BFBE4AF /* Release */ = {
			isa = XCBuildConfiguration;
			buildSettings = {
				ASSETCATALOG_COMPILER_APPICON_NAME = AppIcon;
				CODE_SIGNING_ALLOWED = YES;
				CODE_SIGNING_REQUIRED = YES;
				CODE_SIGN_ENTITLEMENTS = WatchApp/FlagshipWatchApp.entitlements;
				CODE_SIGN_STYLE = Automatic;
				DEVELOPMENT_TEAM = 8G8RHBU9BN;
				INFOPLIST_FILE = WatchApp/Info.plist;
				PRODUCT_BUNDLE_IDENTIFIER = com.flagshipserver.app.watchkitapp;
				SDKROOT = watchos;
				SKIP_INSTALL = YES;
				SUPPORTED_PLATFORMS = "watchsimulator watchos";
				SWIFT_VERSION = 5.0;
				TARGETED_DEVICE_FAMILY = 4;
				WATCHOS_DEPLOYMENT_TARGET = 10.0;
			};
			name = Release;
		};
		290762BFA8D856AF9CFFCE88 /* Release */ = {
			isa = XCBuildConfiguration;
			buildSettings = {
				ALWAYS_SEARCH_USER_PATHS = NO;
				CLANG_ANALYZER_NONNULL = YES;
				CLANG_ANALYZER_NUMBER_OBJECT_CONVERSION = YES_AGGRESSIVE;
				CLANG_CXX_LANGUAGE_STANDARD = "gnu++14";
				CLANG_CXX_LIBRARY = "libc++";
				CLANG_ENABLE_MODULES = YES;
				CLANG_ENABLE_OBJC_ARC = YES;
				CLANG_ENABLE_OBJC_WEAK = YES;
				CLANG_WARN_BLOCK_CAPTURE_AUTORELEASING = YES;
				CLANG_WARN_BOOL_CONVERSION = YES;
				CLANG_WARN_COMMA = YES;
				CLANG_WARN_CONSTANT_CONVERSION = YES;
				CLANG_WARN_DEPRECATED_OBJC_IMPLEMENTATIONS = YES;
				CLANG_WARN_DIRECT_OBJC_ISA_USAGE = YES_ERROR;
				CLANG_WARN_DOCUMENTATION_COMMENTS = YES;
				CLANG_WARN_EMPTY_BODY = YES;
				CLANG_WARN_ENUM_CONVERSION = YES;
				CLANG_WARN_INFINITE_RECURSION = YES;
				CLANG_WARN_INT_CONVERSION = YES;
				CLANG_WARN_NON_LITERAL_NULL_CONVERSION = YES;
				CLANG_WARN_OBJC_IMPLICIT_RETAIN_SELF = YES;
				CLANG_WARN_OBJC_LITERAL_CONVERSION = YES;
				CLANG_WARN_OBJC_ROOT_CLASS = YES_ERROR;
				CLANG_WARN_QUOTED_INCLUDE_IN_FRAMEWORK_HEADER = YES;
				CLANG_WARN_RANGE_LOOP_ANALYSIS = YES;
				CLANG_WARN_STRICT_PROTOTYPES = YES;
				CLANG_WARN_SUSPICIOUS_MOVE = YES;
				CLANG_WARN_UNGUARDED_AVAILABILITY = YES_AGGRESSIVE;
				CLANG_WARN_UNREACHABLE_CODE = YES;
				CLANG_WARN__DUPLICATE_METHOD_MATCH = YES;
				COPY_PHASE_STRIP = NO;
				CURRENT_PROJECT_VERSION = 2;
				DEBUG_INFORMATION_FORMAT = "dwarf-with-dsym";
				ENABLE_NS_ASSERTIONS = NO;
				ENABLE_STRICT_OBJC_MSGSEND = YES;
				GCC_C_LANGUAGE_STANDARD = gnu11;
				GCC_NO_COMMON_BLOCKS = YES;
				GCC_WARN_64_TO_32_BIT_CONVERSION = YES;
				GCC_WARN_ABOUT_RETURN_TYPE = YES_ERROR;
				GCC_WARN_UNDECLARED_SELECTOR = YES;
				GCC_WARN_UNINITIALIZED_AUTOS = YES_AGGRESSIVE;
				GCC_WARN_UNUSED_FUNCTION = YES;
				GCC_WARN_UNUSED_VARIABLE = YES;
				IPHONEOS_DEPLOYMENT_TARGET = 17.0;
				MARKETING_VERSION = 1.0;
				MTL_ENABLE_DEBUG_INFO = NO;
				MTL_FAST_MATH = YES;
				PRODUCT_NAME = "$(TARGET_NAME)";
				SWIFT_COMPILATION_MODE = wholemodule;
				SWIFT_OPTIMIZATION_LEVEL = "-O";
				SWIFT_VERSION = 5.0;
			};
			name = Release;
		};
		3D6B41A1306645B98C286E20 /* Debug */ = {
			isa = XCBuildConfiguration;
			buildSettings = {
				ALWAYS_SEARCH_USER_PATHS = NO;
				CLANG_ANALYZER_NONNULL = YES;
				CLANG_ANALYZER_NUMBER_OBJECT_CONVERSION = YES_AGGRESSIVE;
				CLANG_CXX_LANGUAGE_STANDARD = "gnu++14";
				CLANG_CXX_LIBRARY = "libc++";
				CLANG_ENABLE_MODULES = YES;
				CLANG_ENABLE_OBJC_ARC = YES;
				CLANG_ENABLE_OBJC_WEAK = YES;
				CLANG_WARN_BLOCK_CAPTURE_AUTORELEASING = YES;
				CLANG_WARN_BOOL_CONVERSION = YES;
				CLANG_WARN_COMMA = YES;
				CLANG_WARN_CONSTANT_CONVERSION = YES;
				CLANG_WARN_DEPRECATED_OBJC_IMPLEMENTATIONS = YES;
				CLANG_WARN_DIRECT_OBJC_ISA_USAGE = YES_ERROR;
				CLANG_WARN_DOCUMENTATION_COMMENTS = YES;
				CLANG_WARN_EMPTY_BODY = YES;
				CLANG_WARN_ENUM_CONVERSION = YES;
				CLANG_WARN_INFINITE_RECURSION = YES;
				CLANG_WARN_INT_CONVERSION = YES;
				CLANG_WARN_NON_LITERAL_NULL_CONVERSION = YES;
				CLANG_WARN_OBJC_IMPLICIT_RETAIN_SELF = YES;
				CLANG_WARN_OBJC_LITERAL_CONVERSION = YES;
				CLANG_WARN_OBJC_ROOT_CLASS = YES_ERROR;
				CLANG_WARN_QUOTED_INCLUDE_IN_FRAMEWORK_HEADER = YES;
				CLANG_WARN_RANGE_LOOP_ANALYSIS = YES;
				CLANG_WARN_STRICT_PROTOTYPES = YES;
				CLANG_WARN_SUSPICIOUS_MOVE = YES;
				CLANG_WARN_UNGUARDED_AVAILABILITY = YES_AGGRESSIVE;
				CLANG_WARN_UNREACHABLE_CODE = YES;
				CLANG_WARN__DUPLICATE_METHOD_MATCH = YES;
				COPY_PHASE_STRIP = NO;
				CURRENT_PROJECT_VERSION = 2;
				DEBUG_INFORMATION_FORMAT = dwarf;
				ENABLE_STRICT_OBJC_MSGSEND = YES;
				ENABLE_TESTABILITY = YES;
				GCC_C_LANGUAGE_STANDARD = gnu11;
				GCC_DYNAMIC_NO_PIC = NO;
				GCC_NO_COMMON_BLOCKS = YES;
				GCC_OPTIMIZATION_LEVEL = 0;
				GCC_PREPROCESSOR_DEFINITIONS = (
					"$(inherited)",
					"DEBUG=1",
				);
				GCC_WARN_64_TO_32_BIT_CONVERSION = YES;
				GCC_WARN_ABOUT_RETURN_TYPE = YES_ERROR;
				GCC_WARN_UNDECLARED_SELECTOR = YES;
				GCC_WARN_UNINITIALIZED_AUTOS = YES_AGGRESSIVE;
				GCC_WARN_UNUSED_FUNCTION = YES;
				GCC_WARN_UNUSED_VARIABLE = YES;
				IPHONEOS_DEPLOYMENT_TARGET = 17.0;
				MARKETING_VERSION = 1.0;
				MTL_ENABLE_DEBUG_INFO = INCLUDE_SOURCE;
				MTL_FAST_MATH = YES;
				ONLY_ACTIVE_ARCH = YES;
				PRODUCT_NAME = "$(TARGET_NAME)";
				SWIFT_ACTIVE_COMPILATION_CONDITIONS = DEBUG;
				SWIFT_OPTIMIZATION_LEVEL = "-Onone";
				SWIFT_VERSION = 5.0;
			};
			name = Debug;
		};
		55F58111300FB7BE0F331AC7 /* Debug */ = {
			isa = XCBuildConfiguration;
			buildSettings = {
				APS_ENVIRONMENT = development;
				ASSETCATALOG_COMPILER_ALTERNATE_APPICON_NAMES = "AppIcon-Legacy";
				ASSETCATALOG_COMPILER_APPICON_NAME = AppIcon;
				ASSETCATALOG_COMPILER_GLOBAL_ACCENT_COLOR_NAME = AccentColor;
				ASSETCATALOG_COMPILER_INCLUDE_ALL_APPICON_ASSETS = YES;
				CODE_SIGNING_ALLOWED = YES;
				CODE_SIGNING_REQUIRED = YES;
				CODE_SIGN_ENTITLEMENTS = FlagshipApp.entitlements;
				CODE_SIGN_IDENTITY = "iPhone Developer";
				CODE_SIGN_STYLE = Automatic;
				DEVELOPMENT_TEAM = 8G8RHBU9BN;
				ENABLE_PREVIEWS = YES;
				GENERATE_INFOPLIST_FILE = YES;
				INFOPLIST_FILE = Info.plist;
				INFOPLIST_KEY_CFBundleDisplayName = Flagship;
				INFOPLIST_KEY_ITSAppUsesNonExemptEncryption = NO;
				INFOPLIST_KEY_LSApplicationCategoryType = "public.app-category.utilities";
				INFOPLIST_KEY_NSCameraUsageDescription = "Flagship uses the camera to scan a pairing QR shown by your server.";
				INFOPLIST_KEY_NSFaceIDUsageDescription = "Flagship uses Face ID to confirm sensitive actions like approving unlock or revoking a server.";
				INFOPLIST_KEY_NSSupportsLiveActivities = YES;
				INFOPLIST_KEY_UIApplicationSceneManifest_Generation = YES;
				INFOPLIST_KEY_UILaunchScreen_Generation = YES;
				INFOPLIST_KEY_UIRequiresFullScreen = YES;
				INFOPLIST_KEY_UISupportedInterfaceOrientations_iPad = "UIInterfaceOrientationLandscapeLeft UIInterfaceOrientationLandscapeRight";
				INFOPLIST_KEY_UISupportedInterfaceOrientations_iPhone = UIInterfaceOrientationPortrait;
				IPHONEOS_DEPLOYMENT_TARGET = 17.0;
				LD_RUNPATH_SEARCH_PATHS = (
					"$(inherited)",
					"@executable_path/Frameworks",
				);
				PRODUCT_BUNDLE_IDENTIFIER = com.flagshipserver.app;
				SDKROOT = iphoneos;
				SWIFT_VERSION = 5.0;
				TARGETED_DEVICE_FAMILY = "1,2";
			};
			name = Debug;
		};
		7D65E9B4021C5FADA20E44A3 /* Debug */ = {
			isa = XCBuildConfiguration;
			buildSettings = {
				CODE_SIGNING_ALLOWED = YES;
				CODE_SIGNING_REQUIRED = YES;
				CODE_SIGN_ENTITLEMENTS = WidgetExtension/FlagshipWidgets.entitlements;
				CODE_SIGN_STYLE = Automatic;
				DEVELOPMENT_TEAM = 8G8RHBU9BN;
				INFOPLIST_FILE = WidgetExtension/Info.plist;
				IPHONEOS_DEPLOYMENT_TARGET = 17.0;
				LD_RUNPATH_SEARCH_PATHS = (
					"$(inherited)",
					"@executable_path/Frameworks",
					"@executable_path/../../Frameworks",
				);
				PRODUCT_BUNDLE_IDENTIFIER = com.flagshipserver.app.widgets;
				SDKROOT = iphoneos;
				SKIP_INSTALL = YES;
				SWIFT_VERSION = 5.0;
				TARGETED_DEVICE_FAMILY = "1,2";
			};
			name = Debug;
		};
		C1C8AB69DA271761021381A7 /* Debug */ = {
			isa = XCBuildConfiguration;
			buildSettings = {
				BUNDLE_LOADER = "$(TEST_HOST)";
				CODE_SIGNING_ALLOWED = YES;
				CODE_SIGNING_REQUIRED = YES;
				CODE_SIGN_STYLE = Automatic;
				DEVELOPMENT_TEAM = 8G8RHBU9BN;
				GENERATE_INFOPLIST_FILE = YES;
				IPHONEOS_DEPLOYMENT_TARGET = 17.0;
				LD_RUNPATH_SEARCH_PATHS = (
					"$(inherited)",
					"@executable_path/Frameworks",
					"@loader_path/Frameworks",
				);
				PRODUCT_BUNDLE_IDENTIFIER = com.flagshipserver.app.UITests;
				SDKROOT = iphoneos;
				SWIFT_VERSION = 5.0;
				TARGETED_DEVICE_FAMILY = "1,2";
				TEST_TARGET_NAME = FlagshipApp;
			};
			name = Debug;
		};
		CF8C2CE44012C98CC871AB3C /* Debug */ = {
			isa = XCBuildConfiguration;
			buildSettings = {
				CODE_SIGNING_ALLOWED = YES;
				CODE_SIGNING_REQUIRED = YES;
				CODE_SIGN_ENTITLEMENTS = WatchWidgets/FlagshipWatchWidgets.entitlements;
				CODE_SIGN_STYLE = Automatic;
				DEVELOPMENT_TEAM = 8G8RHBU9BN;
				INFOPLIST_FILE = WatchWidgets/Info.plist;
				LD_RUNPATH_SEARCH_PATHS = (
					"$(inherited)",
					"@executable_path/Frameworks",
					"@executable_path/../../Frameworks",
				);
				PRODUCT_BUNDLE_IDENTIFIER = com.flagshipserver.app.watchkitapp.widgets;
				SDKROOT = watchos;
				SKIP_INSTALL = YES;
				SUPPORTED_PLATFORMS = "watchsimulator watchos";
				SWIFT_VERSION = 5.0;
				TARGETED_DEVICE_FAMILY = 4;
				WATCHOS_DEPLOYMENT_TARGET = 10.0;
			};
			name = Debug;
		};
		DA650F5CE7E713D70252C929 /* Release */ = {
			isa = XCBuildConfiguration;
			buildSettings = {
				CODE_SIGNING_ALLOWED = YES;
				CODE_SIGNING_REQUIRED = YES;
				CODE_SIGN_ENTITLEMENTS = WidgetExtension/FlagshipWidgets.entitlements;
				CODE_SIGN_STYLE = Automatic;
				DEVELOPMENT_TEAM = 8G8RHBU9BN;
				INFOPLIST_FILE = WidgetExtension/Info.plist;
				IPHONEOS_DEPLOYMENT_TARGET = 17.0;
				LD_RUNPATH_SEARCH_PATHS = (
					"$(inherited)",
					"@executable_path/Frameworks",
					"@executable_path/../../Frameworks",
				);
				PRODUCT_BUNDLE_IDENTIFIER = com.flagshipserver.app.widgets;
				SDKROOT = iphoneos;
				SKIP_INSTALL = YES;
				SWIFT_VERSION = 5.0;
				TARGETED_DEVICE_FAMILY = "1,2";
			};
			name = Release;
		};
		E279EE55130537FE08D45F24 /* Release */ = {
			isa = XCBuildConfiguration;
			buildSettings = {
				BUNDLE_LOADER = "$(TEST_HOST)";
				CODE_SIGNING_ALLOWED = YES;
				CODE_SIGNING_REQUIRED = YES;
				CODE_SIGN_STYLE = Automatic;
				DEVELOPMENT_TEAM = 8G8RHBU9BN;
				GENERATE_INFOPLIST_FILE = YES;
				IPHONEOS_DEPLOYMENT_TARGET = 17.0;
				LD_RUNPATH_SEARCH_PATHS = (
					"$(inherited)",
					"@executable_path/Frameworks",
					"@loader_path/Frameworks",
				);
				PRODUCT_BUNDLE_IDENTIFIER = com.flagshipserver.app.UITests;
				SDKROOT = iphoneos;
				SWIFT_VERSION = 5.0;
				TARGETED_DEVICE_FAMILY = "1,2";
				TEST_TARGET_NAME = FlagshipApp;
			};
			name = Release;
		};
		EE821C2E478FD89C3BCFFDF8 /* Debug */ = {
			isa = XCBuildConfiguration;
			buildSettings = {
				ASSETCATALOG_COMPILER_APPICON_NAME = AppIcon;
				CODE_SIGNING_ALLOWED = YES;
				CODE_SIGNING_REQUIRED = YES;
				CODE_SIGN_ENTITLEMENTS = WatchApp/FlagshipWatchApp.entitlements;
				CODE_SIGN_STYLE = Automatic;
				DEVELOPMENT_TEAM = 8G8RHBU9BN;
				INFOPLIST_FILE = WatchApp/Info.plist;
				PRODUCT_BUNDLE_IDENTIFIER = com.flagshipserver.app.watchkitapp;
				SDKROOT = watchos;
				SKIP_INSTALL = YES;
				SUPPORTED_PLATFORMS = "watchsimulator watchos";
				SWIFT_VERSION = 5.0;
				TARGETED_DEVICE_FAMILY = 4;
				WATCHOS_DEPLOYMENT_TARGET = 10.0;
			};
			name = Debug;
		};
/* End XCBuildConfiguration section */

/* Begin XCConfigurationList section */
		1C2BDD0BE65356F30E4FF05F /* Build configuration list for PBXProject "FlagshipApp" */ = {
			isa = XCConfigurationList;
			buildConfigurations = (
				3D6B41A1306645B98C286E20 /* Debug */,
				290762BFA8D856AF9CFFCE88 /* Release */,
			);
			defaultConfigurationIsVisible = 0;
			defaultConfigurationName = Debug;
		};
		67F8B8C2FD80B6F3C16DFBCD /* Build configuration list for PBXNativeTarget "FlagshipWidgets" */ = {
			isa = XCConfigurationList;
			buildConfigurations = (
				7D65E9B4021C5FADA20E44A3 /* Debug */,
				DA650F5CE7E713D70252C929 /* Release */,
			);
			defaultConfigurationIsVisible = 0;
			defaultConfigurationName = Debug;
		};
		6E5003C827096C801A51E88F /* Build configuration list for PBXNativeTarget "FlagshipWatchWidgets" */ = {
			isa = XCConfigurationList;
			buildConfigurations = (
				CF8C2CE44012C98CC871AB3C /* Debug */,
				0DF60759B5230A0A4DBA31EF /* Release */,
			);
			defaultConfigurationIsVisible = 0;
			defaultConfigurationName = Debug;
		};
		6EBA601BB38904FC64101E99 /* Build configuration list for PBXNativeTarget "FlagshipAppUITests" */ = {
			isa = XCConfigurationList;
			buildConfigurations = (
				C1C8AB69DA271761021381A7 /* Debug */,
				E279EE55130537FE08D45F24 /* Release */,
			);
			defaultConfigurationIsVisible = 0;
			defaultConfigurationName = Debug;
		};
		819E8225FA46B210725BE0BC /* Build configuration list for PBXNativeTarget "FlagshipWatchApp" */ = {
			isa = XCConfigurationList;
			buildConfigurations = (
				EE821C2E478FD89C3BCFFDF8 /* Debug */,
				2569B03C76DA086B1BFBE4AF /* Release */,
			);
			defaultConfigurationIsVisible = 0;
			defaultConfigurationName = Debug;
		};
		C4424254AE2E70B441E307A1 /* Build configuration list for PBXNativeTarget "FlagshipApp" */ = {
			isa = XCConfigurationList;
			buildConfigurations = (
				55F58111300FB7BE0F331AC7 /* Debug */,
				0CA6F1D31BF51AD8E594F1AB /* Release */,
			);
			defaultConfigurationIsVisible = 0;
			defaultConfigurationName = Debug;
		};
/* End XCConfigurationList section */

/* Begin XCLocalSwiftPackageReference section */
		004D986F910C92547B82CDCD /* XCLocalSwiftPackageReference "../../shared" */ = {
			isa = XCLocalSwiftPackageReference;
			relativePath = ../../shared;
		};
		1F050BDA9FFDA352E3E867CA /* XCLocalSwiftPackageReference ".." */ = {
			isa = XCLocalSwiftPackageReference;
			relativePath = ..;
		};
/* End XCLocalSwiftPackageReference section */

/* Begin XCSwiftPackageProductDependency section */
		62BE221458756CDD4E0B2EC4 /* FlagshipCore */ = {
			isa = XCSwiftPackageProductDependency;
			productName = FlagshipCore;
		};
		9703502B31E53B7A7B02182E /* FlagshipCore */ = {
			isa = XCSwiftPackageProductDependency;
			productName = FlagshipCore;
		};
		E09B09A74799A9F822F53DEC /* FlagshipUI */ = {
			isa = XCSwiftPackageProductDependency;
			productName = FlagshipUI;
		};
/* End XCSwiftPackageProductDependency section */
	};
	rootObject = 93FD94A2CD553E9E36DD9987 /* Project object */;
}
